
Microsoft Visual Studio Solution File, Format Version 12.00
# Visual Studio Version 17
VisualStudioVersion = 17.13.35818.85 d17.13
MinimumVisualStudioVersion = 10.0.40219.1
Project("{FAE04EC0-301F-11D3-BF4B-00C04F79EFBC}") = "MyGame", "MyGame\MyGame.csproj", "{E815E1B4-F9D2-46C4-869E-B3936A3D1432}"
EndProject
Global
	GlobalSection(SolutionConfigurationPlatforms) = preSolution
		Debug|Any CPU = Debug|Any CPU
		Release|Any CPU = Release|Any CPU
	EndGlobalSection
	GlobalSection(ProjectConfigurationPlatforms) = postSolution
		{E815E1B4-F9D2-46C4-869E-B3936A3D1432}.Debug|Any CPU.ActiveCfg = Debug|Any CPU
		{E815E1B4-F9D2-46C4-869E-B3936A3D1432}.Debug|Any CPU.Build.0 = Debug|Any CPU
		{E815E1B4-F9D2-46C4-869E-B3936A3D1432}.Release|Any CPU.ActiveCfg = Release|Any CPU
		{E815E1B4-F9D2-46C4-869E-B3936A3D1432}.Release|Any CPU.Build.0 = Release|Any CPU
	EndGlobalSection
	GlobalSection(SolutionProperties) = preSolution
		HideSolutionNode = FALSE
	EndGlobalSection
	GlobalSection(ExtensibilityGlobals) = postSolution
		SolutionGuid = {DC3ECBD8-99D6-4B75-B42B-7B77E901D7B3}
	EndGlobalSection
EndGlobal
